
Microsoft Visual Studio Solution File, Format Version 12.00
# Visual Studio 14
VisualStudioVersion = 14.0.25420.1
MinimumVisualStudioVersion = 10.0.40219.1
Project("{FAE04EC0-301F-11D3-BF4B-00C04F79EFBC}") = "XN_ListView.Droid", "XN_ListView\XN_ListView.Droid\XN_ListView.Droid.csproj", "{3681CDAE-FB16-4443-AF3C-9D287A3C689F}"
EndProject
Project("{FAE04EC0-301F-11D3-BF4B-00C04F79EFBC}") = "XN_ListView.iOS", "XN_ListView\XN_ListView.iOS\XN_ListView.iOS.csproj", "{02FC76E1-BC7D-4930-8FBF-804645D64D9F}"
EndProject
Project("{FAE04EC0-301F-11D3-BF4B-00C04F79EFBC}") = "XN_ListView", "XN_ListView\XN_ListView\XN_ListView.csproj", "{D1D3E96C-CEF7-4AE5-9015-DD0C0BC98E1F}"
EndProject
Global
	GlobalSection(SolutionConfigurationPlatforms) = preSolution
		Debug|Any CPU = Debug|Any CPU
		Debug|ARM = Debug|ARM
		Debug|iPhone = Debug|iPhone
		Debug|iPhoneSimulator = Debug|iPhoneSimulator
		Debug|x86 = Debug|x86
		Release|Any CPU = Release|Any CPU
		Release|ARM = Release|ARM
		Release|iPhone = Release|iPhone
		Release|iPhoneSimulator = Release|iPhoneSimulator
		Release|x86 = Release|x86
	EndGlobalSection
	GlobalSection(ProjectConfigurationPlatforms) = postSolution
		{3681CDAE-FB16-4443-AF3C-9D287A3C689F}.Debug|Any CPU.ActiveCfg = Debug|Any CPU
		{3681CDAE-FB16-4443-AF3C-9D287A3C689F}.Debug|Any CPU.Build.0 = Debug|Any CPU
		{3681CDAE-FB16-4443-AF3C-9D287A3C689F}.Debug|Any CPU.Deploy.0 = Debug|Any CPU
		{3681CDAE-FB16-4443-AF3C-9D287A3C689F}.Debug|ARM.ActiveCfg = Debug|Any CPU
		{3681CDAE-FB16-4443-AF3C-9D287A3C689F}.Debug|ARM.Build.0 = Debug|Any CPU
		{3681CDAE-FB16-4443-AF3C-9D287A3C689F}.Debug|ARM.Deploy.0 = Debug|Any CPU
		{3681CDAE-FB16-4443-AF3C-9D287A3C689F}.Debug|iPhone.ActiveCfg = Debug|Any CPU
		{3681CDAE-FB16-4443-AF3C-9D287A3C689F}.Debug|iPhone.Build.0 = Debug|Any CPU
		{3681CDAE-FB16-4443-AF3C-9D287A3C689F}.Debug|iPhone.Deploy.0 = Debug|Any CPU
		{3681CDAE-FB16-4443-AF3C-9D287A3C689F}.Debug|iPhoneSimulator.ActiveCfg = Debug|Any CPU
		{3681CDAE-FB16-4443-AF3C-9D287A3C689F}.Debug|iPhoneSimulator.Build.0 = Debug|Any CPU
		{3681CDAE-FB16-4443-AF3C-9D287A3C689F}.Debug|iPhoneSimulator.Deploy.0 = Debug|Any CPU
		{3681CDAE-FB16-4443-AF3C-9D287A3C689F}.Debug|x86.ActiveCfg = Debug|Any CPU
		{3681CDAE-FB16-4443-AF3C-9D287A3C689F}.Debug|x86.Build.0 = Debug|Any CPU
		{3681CDAE-FB16-4443-AF3C-9D287A3C689F}.Debug|x86.Deploy.0 = Debug|Any CPU
		{3681CDAE-FB16-4443-AF3C-9D287A3C689F}.Release|Any CPU.ActiveCfg = Release|Any CPU
		{3681CDAE-FB16-4443-AF3C-9D287A3C689F}.Release|Any CPU.Build.0 = Release|Any CPU
		{3681CDAE-FB16-4443-AF3C-9D287A3C689F}.Release|Any CPU.Deploy.0 = Release|Any CPU
		{3681CDAE-FB16-4443-AF3C-9D287A3C689F}.Release|ARM.ActiveCfg = Release|Any CPU
		{3681CDAE-FB16-4443-AF3C-9D287A3C689F}.Release|ARM.Build.0 = Release|Any CPU
		{3681CDAE-FB16-4443-AF3C-9D287A3C689F}.Release|ARM.Deploy.0 = Release|Any CPU
		{3681CDAE-FB16-4443-AF3C-9D287A3C689F}.Release|iPhone.ActiveCfg = Release|Any CPU
		{3681CDAE-FB16-4443-AF3C-9D287A3C689F}.Release|iPhone.Build.0 = Release|Any CPU
		{3681CDAE-FB16-4443-AF3C-9D287A3C689F}.Release|iPhone.Deploy.0 = Release|Any CPU
		{3681CDAE-FB16-4443-AF3C-9D287A3C689F}.Release|iPhoneSimulator.ActiveCfg = Release|Any CPU
		{3681CDAE-FB16-4443-AF3C-9D287A3C689F}.Release|iPhoneSimulator.Build.0 = Release|Any CPU
		{3681CDAE-FB16-4443-AF3C-9D287A3C689F}.Release|iPhoneSimulator.Deploy.0 = Release|Any CPU
		{3681CDAE-FB16-4443-AF3C-9D287A3C689F}.Release|x86.ActiveCfg = Release|Any CPU
		{3681CDAE-FB16-4443-AF3C-9D287A3C689F}.Release|x86.Build.0 = Release|Any CPU
		{3681CDAE-FB16-4443-AF3C-9D287A3C689F}.Release|x86.Deploy.0 = Release|Any CPU
		{02FC76E1-BC7D-4930-8FBF-804645D64D9F}.Debug|Any CPU.ActiveCfg = Debug|iPhone
		{02FC76E1-BC7D-4930-8FBF-804645D64D9F}.Debug|ARM.ActiveCfg = Debug|iPhone
		{02FC76E1-BC7D-4930-8FBF-804645D64D9F}.Debug|iPhone.ActiveCfg = Debug|iPhone
		{02FC76E1-BC7D-4930-8FBF-804645D64D9F}.Debug|iPhone.Build.0 = Debug|iPhone
		{02FC76E1-BC7D-4930-8FBF-804645D64D9F}.Debug|iPhoneSimulator.ActiveCfg = Debug|iPhoneSimulator
		{02FC76E1-BC7D-4930-8FBF-804645D64D9F}.Debug|iPhoneSimulator.Build.0 = Debug|iPhoneSimulator
		{02FC76E1-BC7D-4930-8FBF-804645D64D9F}.Debug|x86.ActiveCfg = Debug|iPhone
		{02FC76E1-BC7D-4930-8FBF-804645D64D9F}.Release|Any CPU.ActiveCfg = Release|iPhone
		{02FC76E1-BC7D-4930-8FBF-804645D64D9F}.Release|ARM.ActiveCfg = Release|iPhone
		{02FC76E1-BC7D-4930-8FBF-804645D64D9F}.Release|iPhone.ActiveCfg = Release|iPhone
		{02FC76E1-BC7D-4930-8FBF-804645D64D9F}.Release|iPhone.Build.0 = Release|iPhone
		{02FC76E1-BC7D-4930-8FBF-804645D64D9F}.Release|iPhoneSimulator.ActiveCfg = Release|iPhoneSimulator
		{02FC76E1-BC7D-4930-8FBF-804645D64D9F}.Release|iPhoneSimulator.Build.0 = Release|iPhoneSimulator
		{02FC76E1-BC7D-4930-8FBF-804645D64D9F}.Release|x86.ActiveCfg = Release|iPhone
		{D1D3E96C-CEF7-4AE5-9015-DD0C0BC98E1F}.Debug|Any CPU.ActiveCfg = Debug|Any CPU
		{D1D3E96C-CEF7-4AE5-9015-DD0C0BC98E1F}.Debug|Any CPU.Build.0 = Debug|Any CPU
		{D1D3E96C-CEF7-4AE5-9015-DD0C0BC98E1F}.Debug|ARM.ActiveCfg = Debug|Any CPU
		{D1D3E96C-CEF7-4AE5-9015-DD0C0BC98E1F}.Debug|ARM.Build.0 = Debug|Any CPU
		{D1D3E96C-CEF7-4AE5-9015-DD0C0BC98E1F}.Debug|iPhone.ActiveCfg = Debug|Any CPU
		{D1D3E96C-CEF7-4AE5-9015-DD0C0BC98E1F}.Debug|iPhone.Build.0 = Debug|Any CPU
		{D1D3E96C-CEF7-4AE5-9015-DD0C0BC98E1F}.Debug|iPhoneSimulator.ActiveCfg = Debug|Any CPU
		{D1D3E96C-CEF7-4AE5-9015-DD0C0BC98E1F}.Debug|iPhoneSimulator.Build.0 = Debug|Any CPU
		{D1D3E96C-CEF7-4AE5-9015-DD0C0BC98E1F}.Debug|x86.ActiveCfg = Debug|Any CPU
		{D1D3E96C-CEF7-4AE5-9015-DD0C0BC98E1F}.Debug|x86.Build.0 = Debug|Any CPU
		{D1D3E96C-CEF7-4AE5-9015-DD0C0BC98E1F}.Release|Any CPU.ActiveCfg = Release|Any CPU
		{D1D3E96C-CEF7-4AE5-9015-DD0C0BC98E1F}.Release|Any CPU.Build.0 = Release|Any CPU
		{D1D3E96C-CEF7-4AE5-9015-DD0C0BC98E1F}.Release|ARM.ActiveCfg = Release|Any CPU
		{D1D3E96C-CEF7-4AE5-9015-DD0C0BC98E1F}.Release|ARM.Build.0 = Release|Any CPU
		{D1D3E96C-CEF7-4AE5-9015-DD0C0BC98E1F}.Release|iPhone.ActiveCfg = Release|Any CPU
		{D1D3E96C-CEF7-4AE5-9015-DD0C0BC98E1F}.Release|iPhone.Build.0 = Release|Any CPU
		{D1D3E96C-CEF7-4AE5-9015-DD0C0BC98E1F}.Release|iPhoneSimulator.ActiveCfg = Release|Any CPU
		{D1D3E96C-CEF7-4AE5-9015-DD0C0BC98E1F}.Release|iPhoneSimulator.Build.0 = Release|Any CPU
		{D1D3E96C-CEF7-4AE5-9015-DD0C0BC98E1F}.Release|x86.ActiveCfg = Release|Any CPU
		{D1D3E96C-CEF7-4AE5-9015-DD0C0BC98E1F}.Release|x86.Build.0 = Release|Any CPU
	EndGlobalSection
	GlobalSection(SolutionProperties) = preSolution
		HideSolutionNode = FALSE
	EndGlobalSection
EndGlobal
